
Microsoft Visual Studio Solution File, Format Version 12.00
# Visual Studio 15
VisualStudioVersion = 15.0.28010.2026
MinimumVisualStudioVersion = 10.0.40219.1
Project("{FAE04EC0-301F-11D3-BF4B-00C04F79EFBC}") = "Checkpoint4", "Checkpoint4\Checkpoint4.csproj", "{7EA0153F-616F-4E3C-BE06-713C96A69AED}"
EndProject
Global
	GlobalSection(SolutionConfigurationPlatforms) = preSolution
		Debug|Any CPU = Debug|Any CPU
		Release|Any CPU = Release|Any CPU
	EndGlobalSection
	GlobalSection(ProjectConfigurationPlatforms) = postSolution
		{7EA0153F-616F-4E3C-BE06-713C96A69AED}.Debug|Any CPU.ActiveCfg = Debug|Any CPU
		{7EA0153F-616F-4E3C-BE06-713C96A69AED}.Debug|Any CPU.Build.0 = Debug|Any CPU
		{7EA0153F-616F-4E3C-BE06-713C96A69AED}.Release|Any CPU.ActiveCfg = Release|Any CPU
		{7EA0153F-616F-4E3C-BE06-713C96A69AED}.Release|Any CPU.Build.0 = Release|Any CPU
	EndGlobalSection
	GlobalSection(SolutionProperties) = preSolution
		HideSolutionNode = FALSE
	EndGlobalSection
	GlobalSection(ExtensibilityGlobals) = postSolution
		SolutionGuid = {01509AE5-9460-4048-8C34-9E925D1C0E47}
	EndGlobalSection
EndGlobal
